
Microsoft Visual Studio Solution File, Format Version 12.00
# Visual Studio 15
VisualStudioVersion = 15.0.28307.136
MinimumVisualStudioVersion = 10.0.40219.1
Project("{9A19103F-16F7-4668-BE54-9A1E7A4F7556}") = "Dzaba.League.Algorithms", "Src\Dzaba.League.Algorithms\Dzaba.League.Algorithms.csproj", "{F971C766-CBF7-4F5E-9905-F8D766C2B465}"
EndProject
Project("{9A19103F-16F7-4668-BE54-9A1E7A4F7556}") = "Dzaba.League.Contracts", "Src\Dzaba.League.Contracts\Dzaba.League.Contracts.csproj", "{C2CD8831-183C-410D-98F2-BD5245E942C2}"
EndProject
Project("{FAE04EC0-301F-11D3-BF4B-00C04F79EFBC}") = "Dzaba.League.Algorithms.Tests", "Src\Dzaba.League.Algorithms.Tests\Dzaba.League.Algorithms.Tests.csproj", "{CF0ACC5B-CD70-4F73-8ACC-9263408FF907}"
EndProject
Project("{9A19103F-16F7-4668-BE54-9A1E7A4F7556}") = "Dzaba.League.DataAccess.Contracts", "Src\Dzaba.League.DataAccess.Contracts\Dzaba.League.DataAccess.Contracts.csproj", "{213DBB75-E4F7-4394-A73D-AAC3A43C9850}"
EndProject
Project("{2150E333-8FDC-42A3-9474-1A3956D46DE8}") = "DataAccess", "DataAccess", "{4823FB3D-2D48-4A7E-BC12-EBA5CF135E5A}"
EndProject
Project("{9A19103F-16F7-4668-BE54-9A1E7A4F7556}") = "Dzaba.League.DataAccess.EntityFramework", "Src\Dzaba.League.DataAccess.EntityFramework\Dzaba.League.DataAccess.EntityFramework.csproj", "{7CA45F41-B880-40A3-B38D-13DC7F2465D0}"
EndProject
Project("{9A19103F-16F7-4668-BE54-9A1E7A4F7556}") = "Dzaba.League.DataAccess.EntityFramework.Sqlite", "Src\Dzaba.League.DataAccess.EntityFramework.Sqlite\Dzaba.League.DataAccess.EntityFramework.Sqlite.csproj", "{B30960F7-E200-4626-9958-FD1AE647A8B6}"
EndProject
Project("{9A19103F-16F7-4668-BE54-9A1E7A4F7556}") = "Dzaba.League", "Src\Dzaba.League\Dzaba.League.csproj", "{F842EE13-5DC4-4578-AFBD-311B3A5F9313}"
EndProject
Project("{9A19103F-16F7-4668-BE54-9A1E7A4F7556}") = "Dzaba.League.IntegrationTests", "Src\Dzaba.League.IntegrationTests\Dzaba.League.IntegrationTests.csproj", "{74C664A0-28C5-4FFE-8387-6A9291F7863A}"
EndProject
Project("{FAE04EC0-301F-11D3-BF4B-00C04F79EFBC}") = "Dzaba.AspNet.Jwt", "Src\Dzaba.AspNet.Jwt\Dzaba.AspNet.Jwt.csproj", "{58E3A2A3-F970-4BD1-BEF9-3D4546E88059}"
EndProject
Global
	GlobalSection(SolutionConfigurationPlatforms) = preSolution
		Debug|Any CPU = Debug|Any CPU
		Release|Any CPU = Release|Any CPU
	EndGlobalSection
	GlobalSection(ProjectConfigurationPlatforms) = postSolution
		{F971C766-CBF7-4F5E-9905-F8D766C2B465}.Debug|Any CPU.ActiveCfg = Debug|Any CPU
		{F971C766-CBF7-4F5E-9905-F8D766C2B465}.Debug|Any CPU.Build.0 = Debug|Any CPU
		{F971C766-CBF7-4F5E-9905-F8D766C2B465}.Release|Any CPU.ActiveCfg = Release|Any CPU
		{F971C766-CBF7-4F5E-9905-F8D766C2B465}.Release|Any CPU.Build.0 = Release|Any CPU
		{C2CD8831-183C-410D-98F2-BD5245E942C2}.Debug|Any CPU.ActiveCfg = Debug|Any CPU
		{C2CD8831-183C-410D-98F2-BD5245E942C2}.Debug|Any CPU.Build.0 = Debug|Any CPU
		{C2CD8831-183C-410D-98F2-BD5245E942C2}.Release|Any CPU.ActiveCfg = Release|Any CPU
		{C2CD8831-183C-410D-98F2-BD5245E942C2}.Release|Any CPU.Build.0 = Release|Any CPU
		{CF0ACC5B-CD70-4F73-8ACC-9263408FF907}.Debug|Any CPU.ActiveCfg = Debug|Any CPU
		{CF0ACC5B-CD70-4F73-8ACC-9263408FF907}.Debug|Any CPU.Build.0 = Debug|Any CPU
		{CF0ACC5B-CD70-4F73-8ACC-9263408FF907}.Release|Any CPU.ActiveCfg = Release|Any CPU
		{CF0ACC5B-CD70-4F73-8ACC-9263408FF907}.Release|Any CPU.Build.0 = Release|Any CPU
		{213DBB75-E4F7-4394-A73D-AAC3A43C9850}.Debug|Any CPU.ActiveCfg = Debug|Any CPU
		{213DBB75-E4F7-4394-A73D-AAC3A43C9850}.Debug|Any CPU.Build.0 = Debug|Any CPU
		{213DBB75-E4F7-4394-A73D-AAC3A43C9850}.Release|Any CPU.ActiveCfg = Release|Any CPU
		{213DBB75-E4F7-4394-A73D-AAC3A43C9850}.Release|Any CPU.Build.0 = Release|Any CPU
		{7CA45F41-B880-40A3-B38D-13DC7F2465D0}.Debug|Any CPU.ActiveCfg = Debug|Any CPU
		{7CA45F41-B880-40A3-B38D-13DC7F2465D0}.Debug|Any CPU.Build.0 = Debug|Any CPU
		{7CA45F41-B880-40A3-B38D-13DC7F2465D0}.Release|Any CPU.ActiveCfg = Release|Any CPU
		{7CA45F41-B880-40A3-B38D-13DC7F2465D0}.Release|Any CPU.Build.0 = Release|Any CPU
		{B30960F7-E200-4626-9958-FD1AE647A8B6}.Debug|Any CPU.ActiveCfg = Debug|Any CPU
		{B30960F7-E200-4626-9958-FD1AE647A8B6}.Debug|Any CPU.Build.0 = Debug|Any CPU
		{B30960F7-E200-4626-9958-FD1AE647A8B6}.Release|Any CPU.ActiveCfg = Release|Any CPU
		{B30960F7-E200-4626-9958-FD1AE647A8B6}.Release|Any CPU.Build.0 = Release|Any CPU
		{F842EE13-5DC4-4578-AFBD-311B3A5F9313}.Debug|Any CPU.ActiveCfg = Debug|Any CPU
		{F842EE13-5DC4-4578-AFBD-311B3A5F9313}.Debug|Any CPU.Build.0 = Debug|Any CPU
		{F842EE13-5DC4-4578-AFBD-311B3A5F9313}.Release|Any CPU.ActiveCfg = Release|Any CPU
		{F842EE13-5DC4-4578-AFBD-311B3A5F9313}.Release|Any CPU.Build.0 = Release|Any CPU
		{74C664A0-28C5-4FFE-8387-6A9291F7863A}.Debug|Any CPU.ActiveCfg = Debug|Any CPU
		{74C664A0-28C5-4FFE-8387-6A9291F7863A}.Debug|Any CPU.Build.0 = Debug|Any CPU
		{74C664A0-28C5-4FFE-8387-6A9291F7863A}.Release|Any CPU.ActiveCfg = Release|Any CPU
		{74C664A0-28C5-4FFE-8387-6A9291F7863A}.Release|Any CPU.Build.0 = Release|Any CPU
		{58E3A2A3-F970-4BD1-BEF9-3D4546E88059}.Debug|Any CPU.ActiveCfg = Debug|Any CPU
		{58E3A2A3-F970-4BD1-BEF9-3D4546E88059}.Debug|Any CPU.Build.0 = Debug|Any CPU
		{58E3A2A3-F970-4BD1-BEF9-3D4546E88059}.Release|Any CPU.ActiveCfg = Release|Any CPU
		{58E3A2A3-F970-4BD1-BEF9-3D4546E88059}.Release|Any CPU.Build.0 = Release|Any CPU
	EndGlobalSection
	GlobalSection(SolutionProperties) = preSolution
		HideSolutionNode = FALSE
	EndGlobalSection
	GlobalSection(NestedProjects) = preSolution
		{213DBB75-E4F7-4394-A73D-AAC3A43C9850} = {4823FB3D-2D48-4A7E-BC12-EBA5CF135E5A}
		{7CA45F41-B880-40A3-B38D-13DC7F2465D0} = {4823FB3D-2D48-4A7E-BC12-EBA5CF135E5A}
		{B30960F7-E200-4626-9958-FD1AE647A8B6} = {4823FB3D-2D48-4A7E-BC12-EBA5CF135E5A}
	EndGlobalSection
	GlobalSection(ExtensibilityGlobals) = postSolution
		SolutionGuid = {C7F29DC8-1EB8-406D-BB75-C61B3626EE3E}
	EndGlobalSection
EndGlobal
