
Microsoft Visual Studio Solution File, Format Version 12.00
# Visual Studio 15
VisualStudioVersion = 15.0.28307.136
MinimumVisualStudioVersion = 10.0.40219.1
Project("{FAE04EC0-301F-11D3-BF4B-00C04F79EFBC}") = "Dzaba.League.Algorithms", "Src\Dzaba.League.Algorithms\Dzaba.League.Algorithms.csproj", "{F971C766-CBF7-4F5E-9905-F8D766C2B465}"
EndProject
Project("{FAE04EC0-301F-11D3-BF4B-00C04F79EFBC}") = "Dzaba.League.Contracts", "Src\Dzaba.League.Contracts\Dzaba.League.Contracts.csproj", "{C2CD8831-183C-410D-98F2-BD5245E942C2}"
EndProject
Project("{FAE04EC0-301F-11D3-BF4B-00C04F79EFBC}") = "Dzaba.League.Algorithms.Tests", "Src\Dzaba.League.Algorithms.Tests\Dzaba.League.Algorithms.Tests.csproj", "{CF0ACC5B-CD70-4F73-8ACC-9263408FF907}"
EndProject
Global
	GlobalSection(SolutionConfigurationPlatforms) = preSolution
		Debug|Any CPU = Debug|Any CPU
		Release|Any CPU = Release|Any CPU
	EndGlobalSection
	GlobalSection(ProjectConfigurationPlatforms) = postSolution
		{F971C766-CBF7-4F5E-9905-F8D766C2B465}.Debug|Any CPU.ActiveCfg = Debug|Any CPU
		{F971C766-CBF7-4F5E-9905-F8D766C2B465}.Debug|Any CPU.Build.0 = Debug|Any CPU
		{F971C766-CBF7-4F5E-9905-F8D766C2B465}.Release|Any CPU.ActiveCfg = Release|Any CPU
		{F971C766-CBF7-4F5E-9905-F8D766C2B465}.Release|Any CPU.Build.0 = Release|Any CPU
		{C2CD8831-183C-410D-98F2-BD5245E942C2}.Debug|Any CPU.ActiveCfg = Debug|Any CPU
		{C2CD8831-183C-410D-98F2-BD5245E942C2}.Debug|Any CPU.Build.0 = Debug|Any CPU
		{C2CD8831-183C-410D-98F2-BD5245E942C2}.Release|Any CPU.ActiveCfg = Release|Any CPU
		{C2CD8831-183C-410D-98F2-BD5245E942C2}.Release|Any CPU.Build.0 = Release|Any CPU
		{CF0ACC5B-CD70-4F73-8ACC-9263408FF907}.Debug|Any CPU.ActiveCfg = Debug|Any CPU
		{CF0ACC5B-CD70-4F73-8ACC-9263408FF907}.Debug|Any CPU.Build.0 = Debug|Any CPU
		{CF0ACC5B-CD70-4F73-8ACC-9263408FF907}.Release|Any CPU.ActiveCfg = Release|Any CPU
		{CF0ACC5B-CD70-4F73-8ACC-9263408FF907}.Release|Any CPU.Build.0 = Release|Any CPU
	EndGlobalSection
	GlobalSection(SolutionProperties) = preSolution
		HideSolutionNode = FALSE
	EndGlobalSection
	GlobalSection(ExtensibilityGlobals) = postSolution
		SolutionGuid = {C7F29DC8-1EB8-406D-BB75-C61B3626EE3E}
	EndGlobalSection
EndGlobal
